<?xml version="1.0" encoding="utf-8"?>
<Project ToolsVersion="4.0" xmlns="http://schemas.microsoft.com/developer/msbuild/2003">
  <ItemGroup>
    <Filter Include="Resource Files">
      <UniqueIdentifier>{67DA6AB6-F800-4c08-8B7A-83BB121AAD01}</UniqueIdentifier>
      <Extensions>rc;ico;cur;bmp;dlg;rc2;rct;bin;rgs;gif;jpg;jpeg;jpe;resx;tiff;tif;png;wav;mfcribbon-ms</Extensions>
    </Filter>
    <Filter Include="ECS">
      <UniqueIdentifier>{4d5d6cbc-67b6-4cf9-9248-a64a8720940f}</UniqueIdentifier>
    </Filter>
    <Filter Include="Utils">
      <UniqueIdentifier>{4ee7c8e9-ebe9-4678-b46d-24b5a01d9ee8}</UniqueIdentifier>
    </Filter>
    <Filter Include="Window">
      <UniqueIdentifier>{cf62057f-9406-493a-846e-5b82888ed059}</UniqueIdentifier>
    </Filter>
    <Filter Include="RenderLayer">
      <UniqueIdentifier>{a7645245-c548-4751-8321-6b0e07dfd781}</UniqueIdentifier>
    </Filter>
    <Filter Include="RenderLayer\Layers">
      <UniqueIdentifier>{7b38215a-9e66-4e34-ae8f-2c3cf665a1cd}</UniqueIdentifier>
    </Filter>
    <Filter Include="Shader">
      <UniqueIdentifier>{9f81a7fd-01f8-4989-830d-9f0b73868a0c}</UniqueIdentifier>
    </Filter>
    <Filter Include="ECS\Components">
      <UniqueIdentifier>{8947523c-b4c6-4024-b586-95d44d094f1d}</UniqueIdentifier>
    </Filter>
    <Filter Include="Math">
      <UniqueIdentifier>{34a7d9af-dd20-4d6d-b6e1-dfcdcc550c78}</UniqueIdentifier>
    </Filter>
    <Filter Include="Voxels">
      <UniqueIdentifier>{29563fbf-0919-4d20-b810-0ddf825b9503}</UniqueIdentifier>
    </Filter>
    <Filter Include="SceneRender">
      <UniqueIdentifier>{0e7aa671-58f5-4a8c-89d2-6005a1de75c2}</UniqueIdentifier>
    </Filter>
    <Filter Include="SceneRender\CPURenderers">
      <UniqueIdentifier>{2f9e9386-2ca4-446b-9386-5e919dcdd055}</UniqueIdentifier>
    </Filter>
    <Filter Include="EventSystem">
      <UniqueIdentifier>{3debca81-454e-4f56-9ad7-22d5207eb1d6}</UniqueIdentifier>
    </Filter>
    <Filter Include="EventSystem\Events">
      <UniqueIdentifier>{ca6b3406-9071-443a-a8af-ad882c0ac50e}</UniqueIdentifier>
    </Filter>
    <Filter Include="EventSystem\EventSubscribers">
      <UniqueIdentifier>{ce282feb-cf82-4d34-b97f-f0e0e3512cd8}</UniqueIdentifier>
    </Filter>
    <Filter Include="SceneRender\GPURenderers">
      <UniqueIdentifier>{4e9394bb-b700-4310-bad0-148b2ea99276}</UniqueIdentifier>
    </Filter>
    <Filter Include="Vendor">
      <UniqueIdentifier>{7dc2765c-1805-4523-ada5-213af1e815b4}</UniqueIdentifier>
    </Filter>
    <Filter Include="Vendor\glad">
      <UniqueIdentifier>{7c20c52c-687f-4f52-a66f-f647249dd0d4}</UniqueIdentifier>
    </Filter>
    <Filter Include="Vendor\ImGUI">
      <UniqueIdentifier>{db04ce69-f5d4-4dcc-8dec-4321dba612eb}</UniqueIdentifier>
    </Filter>
    <Filter Include="Vendor\stbImage">
      <UniqueIdentifier>{cf723d45-74aa-421a-86ad-be5a11a47f7a}</UniqueIdentifier>
    </Filter>
    <Filter Include="Engine">
      <UniqueIdentifier>{db4e5d29-be3a-475d-8f24-b3699735a7c8}</UniqueIdentifier>
    </Filter>
    <Filter Include="Textures">
      <UniqueIdentifier>{f0a9e155-29d9-422e-af1e-693ad158ed04}</UniqueIdentifier>
    </Filter>
    <Filter Include="Math\Octree">
      <UniqueIdentifier>{0ee36afa-30b4-4b3f-a79b-d365026b40da}</UniqueIdentifier>
    </Filter>
    <Filter Include="Window\Input">
      <UniqueIdentifier>{99e9aece-058b-4efa-98f8-15cb6161b400}</UniqueIdentifier>
    </Filter>
    <Filter Include="Application">
      <UniqueIdentifier>{70191d12-7db5-4b95-b83c-461d7b0f8428}</UniqueIdentifier>
    </Filter>
    <Filter Include="Level">
      <UniqueIdentifier>{072c386e-3765-4517-bdc3-4d9842ee0c36}</UniqueIdentifier>
    </Filter>
    <Filter Include="Level\Background">
      <UniqueIdentifier>{4fb128b4-20fd-43a8-a217-2eb4b0bb78e9}</UniqueIdentifier>
    </Filter>
    <Filter Include="Textures\Loaders">
      <UniqueIdentifier>{387a068f-f8be-4287-b755-9069b64f45a6}</UniqueIdentifier>
    </Filter>
    <Filter Include="Textures\Savers">
      <UniqueIdentifier>{3a9188c3-d6ab-4080-86fa-2d0f80614d85}</UniqueIdentifier>
    </Filter>
  </ItemGroup>
  <ItemGroup>
    <ClCompile Include="glad.c">
      <Filter>Vendor\glad</Filter>
    </ClCompile>
    <ClCompile Include="main.cpp" />
    <ClCompile Include="Shader.cpp">
      <Filter>Shader</Filter>
    </ClCompile>
    <ClCompile Include="ImGui\imgui.cpp">
      <Filter>Vendor\ImGUI</Filter>
    </ClCompile>
    <ClCompile Include="ImGui\imgui_demo.cpp">
      <Filter>Vendor\ImGUI</Filter>
    </ClCompile>
    <ClCompile Include="ImGui\imgui_draw.cpp">
      <Filter>Vendor\ImGUI</Filter>
    </ClCompile>
    <ClCompile Include="ImGui\imgui_impl_glfw.cpp">
      <Filter>Vendor\ImGUI</Filter>
    </ClCompile>
    <ClCompile Include="ImGui\imgui_impl_opengl3.cpp">
      <Filter>Vendor\ImGUI</Filter>
    </ClCompile>
    <ClCompile Include="ImGui\imgui_widgets.cpp">
      <Filter>Vendor\ImGUI</Filter>
    </ClCompile>
    <ClCompile Include="SPATApp.cpp">
      <Filter>Application</Filter>
    </ClCompile>
    <ClCompile Include="JPGTextureLoader.cpp">
      <Filter>Textures\Loaders</Filter>
    </ClCompile>
    <ClCompile Include="JPGTextureSaver.cpp">
      <Filter>Textures\Savers</Filter>
    </ClCompile>
    <ClCompile Include="Camera.cpp">
      <Filter>ECS\Components</Filter>
    </ClCompile>
    <ClCompile Include="DirectionalLight.cpp">
      <Filter>ECS\Components</Filter>
    </ClCompile>
    <ClCompile Include="Vector3.cpp">
      <Filter>Math</Filter>
    </ClCompile>
    <ClCompile Include="ImGuiLayer.cpp">
      <Filter>RenderLayer\Layers</Filter>
    </ClCompile>
    <ClCompile Include="Viewport.cpp">
      <Filter>RenderLayer\Layers</Filter>
    </ClCompile>
    <ClCompile Include="ResizeableTexture.cpp">
      <Filter>Textures</Filter>
    </ClCompile>
    <ClCompile Include="Logger.cpp">
      <Filter>Utils</Filter>
    </ClCompile>
    <ClCompile Include="Profiler.cpp">
      <Filter>Utils</Filter>
    </ClCompile>
    <ClCompile Include="PointCloudOctreeLoader.cpp">
      <Filter>Voxels</Filter>
    </ClCompile>
    <ClCompile Include="ImageBackground.cpp">
      <Filter>Level\Background</Filter>
    </ClCompile>
    <ClCompile Include="SkyBackground.cpp">
      <Filter>Level\Background</Filter>
    </ClCompile>
    <ClCompile Include="CPURenderer.cpp">
      <Filter>SceneRender\CPURenderers</Filter>
    </ClCompile>
    <ClCompile Include="RandomSampledRenderer.cpp">
      <Filter>SceneRender\CPURenderers</Filter>
    </ClCompile>
    <ClCompile Include="GLSLOctreeSerializer.cpp">
      <Filter>SceneRender\GPURenderers</Filter>
    </ClCompile>
    <ClCompile Include="OpenGLRenderer.cpp">
      <Filter>SceneRender\GPURenderers</Filter>
    </ClCompile>
    <ClCompile Include="SceneRenderer.cpp">
      <Filter>SceneRender</Filter>
    </ClCompile>
    <ClCompile Include="ViewportRenderer.cpp">
      <Filter>Level</Filter>
    </ClCompile>
    <ClCompile Include="Scene.cpp">
      <Filter>Level</Filter>
    </ClCompile>
    <ClCompile Include="WorldSettings.cpp">
      <Filter>Level</Filter>
    </ClCompile>
    <ClCompile Include="RenderManager.cpp">
      <Filter>Level</Filter>
    </ClCompile>
  </ItemGroup>
  <ItemGroup>
    <ClInclude Include="RenderLayer.h">
      <Filter>RenderLayer</Filter>
    </ClInclude>
    <ClInclude Include="RenderLayersSet.h">
      <Filter>RenderLayer</Filter>
    </ClInclude>
    <ClInclude Include="Component.h">
      <Filter>ECS</Filter>
    </ClInclude>
    <ClInclude Include="ComponentManager.h">
      <Filter>ECS</Filter>
    </ClInclude>
    <ClInclude Include="ImGuiLayer.h">
      <Filter>RenderLayer\Layers</Filter>
    </ClInclude>
    <ClInclude Include="Window.h">
      <Filter>Window</Filter>
    </ClInclude>
    <ClInclude Include="WindowProps.h">
      <Filter>Window</Filter>
    </ClInclude>
    <ClInclude Include="Logger.h">
      <Filter>Utils</Filter>
    </ClInclude>
    <ClInclude Include="Shader.h">
      <Filter>Shader</Filter>
    </ClInclude>
    <ClInclude Include="Transform.h">
      <Filter>ECS\Components</Filter>
    </ClInclude>
    <ClInclude Include="ImGui\imconfig.h">
      <Filter>Vendor\ImGUI</Filter>
    </ClInclude>
    <ClInclude Include="ImGui\imgui.h">
      <Filter>Vendor\ImGUI</Filter>
    </ClInclude>
    <ClInclude Include="ImGui\imgui_impl_glfw.h">
      <Filter>Vendor\ImGUI</Filter>
    </ClInclude>
    <ClInclude Include="ImGui\imgui_impl_opengl3.h">
      <Filter>Vendor\ImGUI</Filter>
    </ClInclude>
    <ClInclude Include="ImGui\imgui_internal.h">
      <Filter>Vendor\ImGUI</Filter>
    </ClInclude>
    <ClInclude Include="ImGui\imstb_rectpack.h">
      <Filter>Vendor\ImGUI</Filter>
    </ClInclude>
    <ClInclude Include="ImGui\imstb_textedit.h">
      <Filter>Vendor\ImGUI</Filter>
    </ClInclude>
    <ClInclude Include="ImGui\imstb_truetype.h">
      <Filter>Vendor\ImGUI</Filter>
    </ClInclude>
    <ClInclude Include="Vector3.h">
      <Filter>Math</Filter>
    </ClInclude>
    <ClInclude Include="stb_image.h">
      <Filter>Vendor\stbImage</Filter>
    </ClInclude>
    <ClInclude Include="stb_image_write.h">
      <Filter>Vendor\stbImage</Filter>
    </ClInclude>
    <ClInclude Include="Ray.h">
      <Filter>Math</Filter>
    </ClInclude>
    <ClInclude Include="VectorMath.h">
      <Filter>Math</Filter>
    </ClInclude>
    <ClInclude Include="PointCloudOctreeLoader.h">
      <Filter>Voxels</Filter>
    </ClInclude>
    <ClInclude Include="Camera.h">
      <Filter>ECS\Components</Filter>
    </ClInclude>
    <ClInclude Include="Viewport.h">
      <Filter>RenderLayer\Layers</Filter>
    </ClInclude>
    <ClInclude Include="CameraController.h">
      <Filter>ECS\Components</Filter>
    </ClInclude>
    <ClInclude Include="SceneRenderer.h">
      <Filter>SceneRender</Filter>
    </ClInclude>
    <ClInclude Include="RandomSampledRenderer.h">
      <Filter>SceneRender\CPURenderers</Filter>
    </ClInclude>
    <ClInclude Include="CPURenderer.h">
      <Filter>SceneRender\CPURenderers</Filter>
    </ClInclude>
    <ClInclude Include="DirectionalLight.h">
      <Filter>ECS\Components</Filter>
    </ClInclude>
    <ClInclude Include="Event.h">
      <Filter>EventSystem\Events</Filter>
    </ClInclude>
    <ClInclude Include="EventSubscriber.h">
      <Filter>EventSystem\EventSubscribers</Filter>
    </ClInclude>
    <ClInclude Include="GuiSubscriber.h">
      <Filter>EventSystem\EventSubscribers</Filter>
    </ClInclude>
    <ClInclude Include="OnUpdateSubscriber.h">
      <Filter>EventSystem\EventSubscribers</Filter>
    </ClInclude>
    <ClInclude Include="GuiEvent.h">
      <Filter>EventSystem\Events</Filter>
    </ClInclude>
    <ClInclude Include="OnUpdateEvent.h">
      <Filter>EventSystem\Events</Filter>
    </ClInclude>
    <ClInclude Include="EventDispatcher.h">
      <Filter>EventSystem</Filter>
    </ClInclude>
    <ClInclude Include="Profiler.h">
      <Filter>Utils</Filter>
    </ClInclude>
    <ClInclude Include="OpenGLRenderer.h">
      <Filter>SceneRender\GPURenderers</Filter>
    </ClInclude>
    <ClInclude Include="TypeInfo.h">
      <Filter>Utils</Filter>
    </ClInclude>
    <ClInclude Include="Scene.h">
      <Filter>Level</Filter>
    </ClInclude>
    <ClInclude Include="WorldSettings.h">
      <Filter>Level</Filter>
    </ClInclude>
    <ClInclude Include="ViewportRenderer.h">
      <Filter>Level</Filter>
    </ClInclude>
    <ClInclude Include="Engine.h">
      <Filter>Engine</Filter>
    </ClInclude>
    <ClInclude Include="Object.h">
      <Filter>ECS</Filter>
    </ClInclude>
    <ClInclude Include="ResizeableTexture.h">
      <Filter>Textures</Filter>
    </ClInclude>
    <ClInclude Include="Octree.h">
      <Filter>Math\Octree</Filter>
    </ClInclude>
    <ClInclude Include="SPATApp.h">
      <Filter>Application</Filter>
    </ClInclude>
    <ClInclude Include="Application.h">
      <Filter>Application</Filter>
    </ClInclude>
    <ClInclude Include="Input.h">
      <Filter>Window\Input</Filter>
    </ClInclude>
    <ClInclude Include="MouseInput.h">
      <Filter>Window\Input</Filter>
    </ClInclude>
    <ClInclude Include="KeyCodes.h">
      <Filter>Window\Input</Filter>
    </ClInclude>
    <ClInclude Include="GLSLOctreeSerializer.h">
      <Filter>SceneRender\GPURenderers</Filter>
    </ClInclude>
    <ClInclude Include="NaiveOctreeTraversal.h">
      <Filter>Math\Octree</Filter>
    </ClInclude>
    <ClInclude Include="RenderManager.h">
      <Filter>Level</Filter>
    </ClInclude>
    <ClInclude Include="OctreeLoader.h">
      <Filter>Voxels</Filter>
    </ClInclude>
    <ClInclude Include="GuiDrawable.h">
      <Filter>RenderLayer\Layers</Filter>
    </ClInclude>
    <ClInclude Include="FileUtils.h">
      <Filter>Utils</Filter>
    </ClInclude>
    <ClInclude Include="OctreeLoaderManager.h">
      <Filter>Voxels</Filter>
    </ClInclude>
    <ClInclude Include="RevellesTraversal.h">
      <Filter>Math\Octree</Filter>
    </ClInclude>
    <ClInclude Include="TextureRegion.h">
      <Filter>SceneRender\CPURenderers</Filter>
    </ClInclude>
    <ClInclude Include="OctreeTraversal.h">
      <Filter>Math\Octree</Filter>
    </ClInclude>
    <ClInclude Include="SkyBackground.h">
      <Filter>Level\Background</Filter>
    </ClInclude>
    <ClInclude Include="Background.h">
      <Filter>Level\Background</Filter>
    </ClInclude>
    <ClInclude Include="BackgroundManager.h">
      <Filter>Level\Background</Filter>
    </ClInclude>
    <ClInclude Include="ImageBackground.h">
      <Filter>Level\Background</Filter>
    </ClInclude>
    <ClInclude Include="JPGTextureLoader.h">
      <Filter>Textures\Loaders</Filter>
    </ClInclude>
    <ClInclude Include="TextureLoader.h">
      <Filter>Textures\Loaders</Filter>
    </ClInclude>
    <ClInclude Include="TextureLoadingManager.h">
      <Filter>Textures\Loaders</Filter>
    </ClInclude>
    <ClInclude Include="JPGTextureSaver.h">
      <Filter>Textures\Savers</Filter>
    </ClInclude>
    <ClInclude Include="TextureSaver.h">
      <Filter>Textures\Savers</Filter>
    </ClInclude>
    <ClInclude Include="TextureSavingManager.h">
      <Filter>Textures\Savers</Filter>
    </ClInclude>
  </ItemGroup>
  <ItemGroup>
    <None Include="vox.ply">
      <Filter>Resource Files</Filter>
    </None>
  </ItemGroup>
</Project>